
Microsoft Visual Studio Solution File, Format Version 12.00
# Visual Studio 14
VisualStudioVersion = 14.0.25420.1
MinimumVisualStudioVersion = 10.0.40219.1
Project("{FAE04EC0-301F-11D3-BF4B-00C04F79EFBC}") = "HolidaysbetweenTwoDates", "HolidaysbetweenTwoDates\HolidaysbetweenTwoDates.csproj", "{E71AAC9D-9BFD-47FE-AA3E-19DF9DD495E6}"
EndProject
Project("{FAE04EC0-301F-11D3-BF4B-00C04F79EFBC}") = "Palindromes", "Palindromes\Palindromes.csproj", "{DFB517D4-C47A-4689-A27C-C51689A3899C}"
EndProject
Global
	GlobalSection(SolutionConfigurationPlatforms) = preSolution
		Debug|Any CPU = Debug|Any CPU
		Release|Any CPU = Release|Any CPU
	EndGlobalSection
	GlobalSection(ProjectConfigurationPlatforms) = postSolution
		{E71AAC9D-9BFD-47FE-AA3E-19DF9DD495E6}.Debug|Any CPU.ActiveCfg = Debug|Any CPU
		{E71AAC9D-9BFD-47FE-AA3E-19DF9DD495E6}.Debug|Any CPU.Build.0 = Debug|Any CPU
		{E71AAC9D-9BFD-47FE-AA3E-19DF9DD495E6}.Release|Any CPU.ActiveCfg = Release|Any CPU
		{E71AAC9D-9BFD-47FE-AA3E-19DF9DD495E6}.Release|Any CPU.Build.0 = Release|Any CPU
		{DFB517D4-C47A-4689-A27C-C51689A3899C}.Debug|Any CPU.ActiveCfg = Debug|Any CPU
		{DFB517D4-C47A-4689-A27C-C51689A3899C}.Debug|Any CPU.Build.0 = Debug|Any CPU
		{DFB517D4-C47A-4689-A27C-C51689A3899C}.Release|Any CPU.ActiveCfg = Release|Any CPU
		{DFB517D4-C47A-4689-A27C-C51689A3899C}.Release|Any CPU.Build.0 = Release|Any CPU
	EndGlobalSection
	GlobalSection(SolutionProperties) = preSolution
		HideSolutionNode = FALSE
	EndGlobalSection
EndGlobal
