
Microsoft Visual Studio Solution File, Format Version 12.00
# Visual Studio 14
VisualStudioVersion = 14.0.25420.1
MinimumVisualStudioVersion = 10.0.40219.1
Project("{FAE04EC0-301F-11D3-BF4B-00C04F79EFBC}") = "SinoTheWalker", "SinoTheWalker\SinoTheWalker.csproj", "{836C06AF-8E91-4CDA-819D-D614E9F75567}"
EndProject
Project("{FAE04EC0-301F-11D3-BF4B-00C04F79EFBC}") = "SoftUniKaraoke", "SoftUniKaraoke\SoftUniKaraoke.csproj", "{E46BFF06-1D9A-4405-823F-7FD7811AD81C}"
EndProject
Project("{FAE04EC0-301F-11D3-BF4B-00C04F79EFBC}") = "EnduranceRally", "EnduranceRally\EnduranceRally.csproj", "{A25D8D3A-1FB9-477E-A7D8-427FCBD31539}"
EndProject
Project("{FAE04EC0-301F-11D3-BF4B-00C04F79EFBC}") = "WinningTicket", "WinningTicket\WinningTicket.csproj", "{89763AC0-A926-4575-AC6B-6294D2FE31EE}"
EndProject
Global
	GlobalSection(SolutionConfigurationPlatforms) = preSolution
		Debug|Any CPU = Debug|Any CPU
		Release|Any CPU = Release|Any CPU
	EndGlobalSection
	GlobalSection(ProjectConfigurationPlatforms) = postSolution
		{836C06AF-8E91-4CDA-819D-D614E9F75567}.Debug|Any CPU.ActiveCfg = Debug|Any CPU
		{836C06AF-8E91-4CDA-819D-D614E9F75567}.Debug|Any CPU.Build.0 = Debug|Any CPU
		{836C06AF-8E91-4CDA-819D-D614E9F75567}.Release|Any CPU.ActiveCfg = Release|Any CPU
		{836C06AF-8E91-4CDA-819D-D614E9F75567}.Release|Any CPU.Build.0 = Release|Any CPU
		{E46BFF06-1D9A-4405-823F-7FD7811AD81C}.Debug|Any CPU.ActiveCfg = Debug|Any CPU
		{E46BFF06-1D9A-4405-823F-7FD7811AD81C}.Debug|Any CPU.Build.0 = Debug|Any CPU
		{E46BFF06-1D9A-4405-823F-7FD7811AD81C}.Release|Any CPU.ActiveCfg = Release|Any CPU
		{E46BFF06-1D9A-4405-823F-7FD7811AD81C}.Release|Any CPU.Build.0 = Release|Any CPU
		{A25D8D3A-1FB9-477E-A7D8-427FCBD31539}.Debug|Any CPU.ActiveCfg = Debug|Any CPU
		{A25D8D3A-1FB9-477E-A7D8-427FCBD31539}.Debug|Any CPU.Build.0 = Debug|Any CPU
		{A25D8D3A-1FB9-477E-A7D8-427FCBD31539}.Release|Any CPU.ActiveCfg = Release|Any CPU
		{A25D8D3A-1FB9-477E-A7D8-427FCBD31539}.Release|Any CPU.Build.0 = Release|Any CPU
		{89763AC0-A926-4575-AC6B-6294D2FE31EE}.Debug|Any CPU.ActiveCfg = Debug|Any CPU
		{89763AC0-A926-4575-AC6B-6294D2FE31EE}.Debug|Any CPU.Build.0 = Debug|Any CPU
		{89763AC0-A926-4575-AC6B-6294D2FE31EE}.Release|Any CPU.ActiveCfg = Release|Any CPU
		{89763AC0-A926-4575-AC6B-6294D2FE31EE}.Release|Any CPU.Build.0 = Release|Any CPU
	EndGlobalSection
	GlobalSection(SolutionProperties) = preSolution
		HideSolutionNode = FALSE
	EndGlobalSection
EndGlobal
