
Microsoft Visual Studio Solution File, Format Version 12.00
# Visual Studio 14
VisualStudioVersion = 14.0.25420.1
MinimumVisualStudioVersion = 10.0.40219.1
Project("{FAE04EC0-301F-11D3-BF4B-00C04F79EFBC}") = "SweetDessert", "SweetDessert\SweetDessert.csproj", "{ED388433-BF09-4FD4-8CB7-2006F58D8760}"
EndProject
Project("{FAE04EC0-301F-11D3-BF4B-00C04F79EFBC}") = "ArrayModifier", "ArrayModifier\ArrayModifier.csproj", "{4E934BC3-8552-48C9-AB00-DFBD8A2C7E86}"
EndProject
Project("{FAE04EC0-301F-11D3-BF4B-00C04F79EFBC}") = "TargetMultiplier", "TargetMultiplier\TargetMultiplier.csproj", "{240BE06E-0422-4C77-A019-61F37CD40F6A}"
EndProject
Project("{FAE04EC0-301F-11D3-BF4B-00C04F79EFBC}") = "PopulationAggregation", "PopulationAggregation\PopulationAggregation.csproj", "{7DAFC5C9-6137-4990-B9D5-0D9F2297B55D}"
EndProject
Global
	GlobalSection(SolutionConfigurationPlatforms) = preSolution
		Debug|Any CPU = Debug|Any CPU
		Release|Any CPU = Release|Any CPU
	EndGlobalSection
	GlobalSection(ProjectConfigurationPlatforms) = postSolution
		{ED388433-BF09-4FD4-8CB7-2006F58D8760}.Debug|Any CPU.ActiveCfg = Debug|Any CPU
		{ED388433-BF09-4FD4-8CB7-2006F58D8760}.Debug|Any CPU.Build.0 = Debug|Any CPU
		{ED388433-BF09-4FD4-8CB7-2006F58D8760}.Release|Any CPU.ActiveCfg = Release|Any CPU
		{ED388433-BF09-4FD4-8CB7-2006F58D8760}.Release|Any CPU.Build.0 = Release|Any CPU
		{4E934BC3-8552-48C9-AB00-DFBD8A2C7E86}.Debug|Any CPU.ActiveCfg = Debug|Any CPU
		{4E934BC3-8552-48C9-AB00-DFBD8A2C7E86}.Debug|Any CPU.Build.0 = Debug|Any CPU
		{4E934BC3-8552-48C9-AB00-DFBD8A2C7E86}.Release|Any CPU.ActiveCfg = Release|Any CPU
		{4E934BC3-8552-48C9-AB00-DFBD8A2C7E86}.Release|Any CPU.Build.0 = Release|Any CPU
		{240BE06E-0422-4C77-A019-61F37CD40F6A}.Debug|Any CPU.ActiveCfg = Debug|Any CPU
		{240BE06E-0422-4C77-A019-61F37CD40F6A}.Debug|Any CPU.Build.0 = Debug|Any CPU
		{240BE06E-0422-4C77-A019-61F37CD40F6A}.Release|Any CPU.ActiveCfg = Release|Any CPU
		{240BE06E-0422-4C77-A019-61F37CD40F6A}.Release|Any CPU.Build.0 = Release|Any CPU
		{7DAFC5C9-6137-4990-B9D5-0D9F2297B55D}.Debug|Any CPU.ActiveCfg = Debug|Any CPU
		{7DAFC5C9-6137-4990-B9D5-0D9F2297B55D}.Debug|Any CPU.Build.0 = Debug|Any CPU
		{7DAFC5C9-6137-4990-B9D5-0D9F2297B55D}.Release|Any CPU.ActiveCfg = Release|Any CPU
		{7DAFC5C9-6137-4990-B9D5-0D9F2297B55D}.Release|Any CPU.Build.0 = Release|Any CPU
	EndGlobalSection
	GlobalSection(SolutionProperties) = preSolution
		HideSolutionNode = FALSE
	EndGlobalSection
EndGlobal
